
Microsoft Visual Studio Solution File, Format Version 12.00
# Visual Studio Version 16
VisualStudioVersion = 16.0.29411.108
MinimumVisualStudioVersion = 10.0.40219.1
Project("{FAE04EC0-301F-11D3-BF4B-00C04F79EFBC}") = "DataTransfer.SqlToLocalCsv", "DataTransfer.SqlToLocalCsv\DataTransfer.SqlToLocalCsv.csproj", "{02E7CA68-0A35-4651-BE9B-D73A9FED4DC1}"
EndProject
Project("{9A19103F-16F7-4668-BE54-9A1E7A4F7556}") = "DataTransfer.SqlToSftpCsv", "DataTransfer.SqlToSftpCsv\DataTransfer.SqlToSftpCsv.csproj", "{CDFE0016-B72C-45EA-86D9-AA6C09DB2DDC}"
EndProject
Project("{FAE04EC0-301F-11D3-BF4B-00C04F79EFBC}") = "DataTransfer.GoogleBigQueryToGoogleCloudStorage", "DataTransfer.GoogleBigQueryToGoogleCloudStorage\DataTransfer.GoogleBigQueryToGoogleCloudStorage.csproj", "{442E0D13-4AD0-428E-BC99-8B7A1A570FB1}"
EndProject
Project("{FAE04EC0-301F-11D3-BF4B-00C04F79EFBC}") = "DataTransfer.GoogleCloudStorageToSql", "DataTransfer.GoogleCloudStorageToSql\DataTransfer.GoogleCloudStorageToSql.csproj", "{2F93A092-7BE4-438F-AF62-F42A23855329}"
EndProject
Global
	GlobalSection(SolutionConfigurationPlatforms) = preSolution
		Debug|Any CPU = Debug|Any CPU
		Release|Any CPU = Release|Any CPU
	EndGlobalSection
	GlobalSection(ProjectConfigurationPlatforms) = postSolution
		{02E7CA68-0A35-4651-BE9B-D73A9FED4DC1}.Debug|Any CPU.ActiveCfg = Debug|Any CPU
		{02E7CA68-0A35-4651-BE9B-D73A9FED4DC1}.Debug|Any CPU.Build.0 = Debug|Any CPU
		{02E7CA68-0A35-4651-BE9B-D73A9FED4DC1}.Release|Any CPU.ActiveCfg = Release|Any CPU
		{02E7CA68-0A35-4651-BE9B-D73A9FED4DC1}.Release|Any CPU.Build.0 = Release|Any CPU
		{CDFE0016-B72C-45EA-86D9-AA6C09DB2DDC}.Debug|Any CPU.ActiveCfg = Debug|Any CPU
		{CDFE0016-B72C-45EA-86D9-AA6C09DB2DDC}.Debug|Any CPU.Build.0 = Debug|Any CPU
		{CDFE0016-B72C-45EA-86D9-AA6C09DB2DDC}.Release|Any CPU.ActiveCfg = Release|Any CPU
		{CDFE0016-B72C-45EA-86D9-AA6C09DB2DDC}.Release|Any CPU.Build.0 = Release|Any CPU
		{442E0D13-4AD0-428E-BC99-8B7A1A570FB1}.Debug|Any CPU.ActiveCfg = Debug|Any CPU
		{442E0D13-4AD0-428E-BC99-8B7A1A570FB1}.Debug|Any CPU.Build.0 = Debug|Any CPU
		{442E0D13-4AD0-428E-BC99-8B7A1A570FB1}.Release|Any CPU.ActiveCfg = Release|Any CPU
		{442E0D13-4AD0-428E-BC99-8B7A1A570FB1}.Release|Any CPU.Build.0 = Release|Any CPU
		{2F93A092-7BE4-438F-AF62-F42A23855329}.Debug|Any CPU.ActiveCfg = Debug|Any CPU
		{2F93A092-7BE4-438F-AF62-F42A23855329}.Debug|Any CPU.Build.0 = Debug|Any CPU
		{2F93A092-7BE4-438F-AF62-F42A23855329}.Release|Any CPU.ActiveCfg = Release|Any CPU
		{2F93A092-7BE4-438F-AF62-F42A23855329}.Release|Any CPU.Build.0 = Release|Any CPU
	EndGlobalSection
	GlobalSection(SolutionProperties) = preSolution
		HideSolutionNode = FALSE
	EndGlobalSection
	GlobalSection(ExtensibilityGlobals) = postSolution
		SolutionGuid = {DFC5BD98-1C7A-42D5-A7F9-60527201AEB9}
	EndGlobalSection
EndGlobal
